
Microsoft Visual Studio Solution File, Format Version 11.00
# Visual C# Express 2010
Project("{FAE04EC0-301F-11D3-BF4B-00C04F79EFBC}") = "ComPortCheck", "ComPortCheck\ComPortCheck.csproj", "{968912E0-B27E-4C21-A42D-03EE258D51A9}"
EndProject
Global
	GlobalSection(SolutionConfigurationPlatforms) = preSolution
		Debug|x86 = Debug|x86
		Release|x86 = Release|x86
	EndGlobalSection
	GlobalSection(ProjectConfigurationPlatforms) = postSolution
		{968912E0-B27E-4C21-A42D-03EE258D51A9}.Debug|x86.ActiveCfg = Debug|x86
		{968912E0-B27E-4C21-A42D-03EE258D51A9}.Debug|x86.Build.0 = Debug|x86
		{968912E0-B27E-4C21-A42D-03EE258D51A9}.Release|x86.ActiveCfg = Release|x86
		{968912E0-B27E-4C21-A42D-03EE258D51A9}.Release|x86.Build.0 = Release|x86
	EndGlobalSection
	GlobalSection(SolutionProperties) = preSolution
		HideSolutionNode = FALSE
	EndGlobalSection
EndGlobal
